
Microsoft Visual Studio Solution File, Format Version 12.00
# Visual Studio Version 17
VisualStudioVersion = 17.9.34728.123
MinimumVisualStudioVersion = 10.0.40219.1
Project("{FAE04EC0-301F-11D3-BF4B-00C04F79EFBC}") = "ContosoPizza", "ContosoPizza.csproj", "{8F303722-2D28-426F-AF2F-BF9EBBCB9094}"
EndProject
Global
	GlobalSection(SolutionConfigurationPlatforms) = preSolution
		Debug|Any CPU = Debug|Any CPU
		Release|Any CPU = Release|Any CPU
	EndGlobalSection
	GlobalSection(ProjectConfigurationPlatforms) = postSolution
		{8F303722-2D28-426F-AF2F-BF9EBBCB9094}.Debug|Any CPU.ActiveCfg = Debug|Any CPU
		{8F303722-2D28-426F-AF2F-BF9EBBCB9094}.Debug|Any CPU.Build.0 = Debug|Any CPU
		{8F303722-2D28-426F-AF2F-BF9EBBCB9094}.Release|Any CPU.ActiveCfg = Release|Any CPU
		{8F303722-2D28-426F-AF2F-BF9EBBCB9094}.Release|Any CPU.Build.0 = Release|Any CPU
	EndGlobalSection
	GlobalSection(SolutionProperties) = preSolution
		HideSolutionNode = FALSE
	EndGlobalSection
	GlobalSection(ExtensibilityGlobals) = postSolution
		SolutionGuid = {F6A112FE-A1E0-4F2A-A93F-4222FC2CEE14}
	EndGlobalSection
EndGlobal
